
Microsoft Visual Studio Solution File, Format Version 12.00
# Visual Studio Version 16
VisualStudioVersion = 16.0.30309.148
MinimumVisualStudioVersion = 10.0.40219.1
Project("{9A19103F-16F7-4668-BE54-9A1E7A4F7556}") = "CodeCamp2020.Server", "CodeCamp2020\Server\CodeCamp2020.Server.csproj", "{C3DDED27-EC02-45F6-9D0B-5C5C3313E8D4}"
EndProject
Project("{9A19103F-16F7-4668-BE54-9A1E7A4F7556}") = "CodeCamp2020.Client", "CodeCamp2020\Client\CodeCamp2020.Client.csproj", "{176857B3-7D86-475E-BCFA-76DD2BF2E006}"
EndProject
Project("{9A19103F-16F7-4668-BE54-9A1E7A4F7556}") = "CodeCamp2020.Data", "CodeCamp2020.Data\CodeCamp2020.Data.csproj", "{C96E0D59-C535-4936-8E7E-083E7A51FC89}"
EndProject
Project("{9A19103F-16F7-4668-BE54-9A1E7A4F7556}") = "CodeCamp2020.Data.Json", "CodeCamp2020.Data.Json\CodeCamp2020.Data.Json.csproj", "{80572919-834F-4C78-A05E-BE1089AD540D}"
EndProject
Project("{9A19103F-16F7-4668-BE54-9A1E7A4F7556}") = "CodeCamp2020.Shared", "CodeCamp2020\Shared\CodeCamp2020.Shared.csproj", "{4C3A166B-01A6-407E-B763-FDD7F2EAD49A}"
EndProject
Project("{9A19103F-16F7-4668-BE54-9A1E7A4F7556}") = "CodeCamp2020.PageServices", "CodeCamp2020.PageServices\CodeCamp2020.PageServices.csproj", "{62AA78B6-152F-4A80-90BD-76BABD4A10D2}"
EndProject
Project("{9A19103F-16F7-4668-BE54-9A1E7A4F7556}") = "CodeCamp2020.Core", "CodeCamp2020.Core\CodeCamp2020.Core.csproj", "{0F7181DC-E56B-407D-A9A5-5F0B8BFA7429}"
EndProject
Global
	GlobalSection(SolutionConfigurationPlatforms) = preSolution
		Debug|Any CPU = Debug|Any CPU
		Release|Any CPU = Release|Any CPU
	EndGlobalSection
	GlobalSection(ProjectConfigurationPlatforms) = postSolution
		{C3DDED27-EC02-45F6-9D0B-5C5C3313E8D4}.Debug|Any CPU.ActiveCfg = Debug|Any CPU
		{C3DDED27-EC02-45F6-9D0B-5C5C3313E8D4}.Debug|Any CPU.Build.0 = Debug|Any CPU
		{C3DDED27-EC02-45F6-9D0B-5C5C3313E8D4}.Release|Any CPU.ActiveCfg = Release|Any CPU
		{C3DDED27-EC02-45F6-9D0B-5C5C3313E8D4}.Release|Any CPU.Build.0 = Release|Any CPU
		{176857B3-7D86-475E-BCFA-76DD2BF2E006}.Debug|Any CPU.ActiveCfg = Debug|Any CPU
		{176857B3-7D86-475E-BCFA-76DD2BF2E006}.Debug|Any CPU.Build.0 = Debug|Any CPU
		{176857B3-7D86-475E-BCFA-76DD2BF2E006}.Release|Any CPU.ActiveCfg = Release|Any CPU
		{176857B3-7D86-475E-BCFA-76DD2BF2E006}.Release|Any CPU.Build.0 = Release|Any CPU
		{C96E0D59-C535-4936-8E7E-083E7A51FC89}.Debug|Any CPU.ActiveCfg = Debug|Any CPU
		{C96E0D59-C535-4936-8E7E-083E7A51FC89}.Debug|Any CPU.Build.0 = Debug|Any CPU
		{C96E0D59-C535-4936-8E7E-083E7A51FC89}.Release|Any CPU.ActiveCfg = Release|Any CPU
		{C96E0D59-C535-4936-8E7E-083E7A51FC89}.Release|Any CPU.Build.0 = Release|Any CPU
		{80572919-834F-4C78-A05E-BE1089AD540D}.Debug|Any CPU.ActiveCfg = Debug|Any CPU
		{80572919-834F-4C78-A05E-BE1089AD540D}.Debug|Any CPU.Build.0 = Debug|Any CPU
		{80572919-834F-4C78-A05E-BE1089AD540D}.Release|Any CPU.ActiveCfg = Release|Any CPU
		{80572919-834F-4C78-A05E-BE1089AD540D}.Release|Any CPU.Build.0 = Release|Any CPU
		{4C3A166B-01A6-407E-B763-FDD7F2EAD49A}.Debug|Any CPU.ActiveCfg = Debug|Any CPU
		{4C3A166B-01A6-407E-B763-FDD7F2EAD49A}.Debug|Any CPU.Build.0 = Debug|Any CPU
		{4C3A166B-01A6-407E-B763-FDD7F2EAD49A}.Release|Any CPU.ActiveCfg = Release|Any CPU
		{4C3A166B-01A6-407E-B763-FDD7F2EAD49A}.Release|Any CPU.Build.0 = Release|Any CPU
		{62AA78B6-152F-4A80-90BD-76BABD4A10D2}.Debug|Any CPU.ActiveCfg = Debug|Any CPU
		{62AA78B6-152F-4A80-90BD-76BABD4A10D2}.Debug|Any CPU.Build.0 = Debug|Any CPU
		{62AA78B6-152F-4A80-90BD-76BABD4A10D2}.Release|Any CPU.ActiveCfg = Release|Any CPU
		{62AA78B6-152F-4A80-90BD-76BABD4A10D2}.Release|Any CPU.Build.0 = Release|Any CPU
		{0F7181DC-E56B-407D-A9A5-5F0B8BFA7429}.Debug|Any CPU.ActiveCfg = Debug|Any CPU
		{0F7181DC-E56B-407D-A9A5-5F0B8BFA7429}.Debug|Any CPU.Build.0 = Debug|Any CPU
		{0F7181DC-E56B-407D-A9A5-5F0B8BFA7429}.Release|Any CPU.ActiveCfg = Release|Any CPU
		{0F7181DC-E56B-407D-A9A5-5F0B8BFA7429}.Release|Any CPU.Build.0 = Release|Any CPU
	EndGlobalSection
	GlobalSection(SolutionProperties) = preSolution
		HideSolutionNode = FALSE
	EndGlobalSection
	GlobalSection(ExtensibilityGlobals) = postSolution
		SolutionGuid = {9ECD5701-4F01-48F7-9B1B-852260B1492A}
	EndGlobalSection
EndGlobal
